{
  "pins" : [
    {
      "identity" : "efqrcode",
      "kind" : "remoteSourceControl",
      "location" : "https://github.com/EFPrefix/EFQRCode",
      "state" : {
        "revision" : "bebbd09eaf28243ec576f6d53cbf9cc5b10eaffb",
        "version" : "6.2.1"
      }
    },
    {
      "identity" : "invidious-swift",
      "kind" : "remoteSourceControl",
      "location" : "https://github.com/WatchTubeTeam/Invidious-Swift",
      "state" : {
        "branch" : "main",
        "revision" : "caa541f3ac9f317d4fb0f9e53de9bdda3986bdcb"
      }
    },
    {
      "identity" : "sdwebimage",
      "kind" : "remoteSourceControl",
      "location" : "https://github.com/SDWebImage/SDWebImage.git",
      "state" : {
        "revision" : "2e63d0061da449ad0ed130768d05dceb1496de44",
        "version" : "5.12.5"
      }
    },
    {
      "identity" : "sdwebimageswiftui",
      "kind" : "remoteSourceControl",
      "location" : "https://github.com/SDWebImage/SDWebImageSwiftUI",
      "state" : {
        "branch" : "master",
        "revision" : "336d3f6d3b53729c1f274bf6b75f4532ada116eb"
      }
    },
    {
      "identity" : "swift_qrcodejs",
      "kind" : "remoteSourceControl",
      "location" : "https://github.com/ApolloZhu/swift_qrcodejs.git",
      "state" : {
        "revision" : "374dc7f7b9e76c6aeb393f6a84590c6d387e1ecb",
        "version" : "2.2.2"
      }
    },
    {
      "identity" : "youtubekit",
      "kind" : "remoteSourceControl",
      "location" : "http://github.com/alexeichhorn/YouTubeKit",
      "state" : {
        "branch" : "main",
        "revision" : "51d08d5f4a0b26ea61004ca5aca260150a16af9d"
      }
    }
  ],
  "version" : 2
}
